# requirements.lock — точные версии для воспроизводимой сборки Docker-образа.
# НЕ редактируйте вручную: генерируется из requirements.txt через pip freeze.
# Для разработки используйте requirements.txt (диапазоны версий).
aiohappyeyeballs==2.7.1
aiohttp==3.14.3
aiosignal==1.4.0
anyio==4.15.1
attrs==26.1.0
certifi==2026.7.22
frozenlist==1.8.0
h11==0.16.0
httpcore==1.0.9
httpx==0.28.1
idna==3.20
multidict==6.9.1
propcache==0.5.4
python-dotenv==1.2.3
python-telegram-bot==22.8
typing-extensions==4.16.0
yarl==1.25.1
